{
    "_meta": {
        "hash": {
            "sha256": "9a11d095f1d6dd6efb93fce2330c097cb417515023f23da48071ea00b8a9e8ed"
        },
        "pipfile-spec": 6,
        "requires": {
            "python_version": "3.7"
        },
        "sources": [
            {
                "name": "pypi",
                "url": "https://pypi.org/simple",
                "verify_ssl": true
            }
        ]
    },
    "default": {
        "antlr4-python3-runtime": {
            "hashes": [
                "sha256:168cdcec8fb9152e84a87ca6fd261b3d54c8f6358f42ab3b813b14a7193bb50b"
            ],
            "index": "pypi",
            "version": "==4.7.2"
        }
    },
    "develop": {}
}
